
Microsoft Visual Studio Solution File, Format Version 12.00
# Visual Studio Version 17
VisualStudioVersion = 17.9.34622.214
MinimumVisualStudioVersion = 10.0.40219.1
Project("{FAE04EC0-301F-11D3-BF4B-00C04F79EFBC}") = "GME1003DisplayingImages", "GME1003DisplayingImages\GME1003DisplayingImages.csproj", "{EAA29299-3409-4F13-8237-0CB43A0BF820}"
EndProject
Global
	GlobalSection(SolutionConfigurationPlatforms) = preSolution
		Debug|Any CPU = Debug|Any CPU
		Release|Any CPU = Release|Any CPU
	EndGlobalSection
	GlobalSection(ProjectConfigurationPlatforms) = postSolution
		{EAA29299-3409-4F13-8237-0CB43A0BF820}.Debug|Any CPU.ActiveCfg = Debug|Any CPU
		{EAA29299-3409-4F13-8237-0CB43A0BF820}.Debug|Any CPU.Build.0 = Debug|Any CPU
		{EAA29299-3409-4F13-8237-0CB43A0BF820}.Release|Any CPU.ActiveCfg = Release|Any CPU
		{EAA29299-3409-4F13-8237-0CB43A0BF820}.Release|Any CPU.Build.0 = Release|Any CPU
	EndGlobalSection
	GlobalSection(SolutionProperties) = preSolution
		HideSolutionNode = FALSE
	EndGlobalSection
	GlobalSection(ExtensibilityGlobals) = postSolution
		SolutionGuid = {39EBF12E-BA05-48E3-B12D-C77B4474C554}
	EndGlobalSection
EndGlobal
